Microsoft Visual Studio Solution File, Format Version 12.00
# Visual Studio 15
Project("{FAE04EC0-301F-11D3-BF4B-00C04F79EFBC}") = "Assembly-CSharp", "Assembly-CSharp.csproj", "{1E7DF7D4-1B34-EE5B-08FB-AD40197A9328}"
EndProject
Project("{FAE04EC0-301F-11D3-BF4B-00C04F79EFBC}") = "Assembly-CSharp-Editor", "Assembly-CSharp-Editor.csproj", "{B30E340B-0A34-E1EF-9310-3972E5FA05AB}"
EndProject
Global
	GlobalSection(SolutionConfigurationPlatforms) = preSolution
		Debug|Any CPU = Debug|Any CPU
		Release|Any CPU = Release|Any CPU
	EndGlobalSection
	GlobalSection(ProjectConfigurationPlatforms) = postSolution
		{1E7DF7D4-1B34-EE5B-08FB-AD40197A9328}.Debug|Any CPU.ActiveCfg = Debug|Any CPU
		{1E7DF7D4-1B34-EE5B-08FB-AD40197A9328}.Debug|Any CPU.Build.0 = Debug|Any CPU
		{1E7DF7D4-1B34-EE5B-08FB-AD40197A9328}.Release|Any CPU.ActiveCfg = Release|Any CPU
		{1E7DF7D4-1B34-EE5B-08FB-AD40197A9328}.Release|Any CPU.Build.0 = Release|Any CPU
		{B30E340B-0A34-E1EF-9310-3972E5FA05AB}.Debug|Any CPU.ActiveCfg = Debug|Any CPU
		{B30E340B-0A34-E1EF-9310-3972E5FA05AB}.Debug|Any CPU.Build.0 = Debug|Any CPU
		{B30E340B-0A34-E1EF-9310-3972E5FA05AB}.Release|Any CPU.ActiveCfg = Release|Any CPU
		{B30E340B-0A34-E1EF-9310-3972E5FA05AB}.Release|Any CPU.Build.0 = Release|Any CPU
	EndGlobalSection
	GlobalSection(SolutionProperties) = preSolution
		HideSolutionNode = FALSE
	EndGlobalSection
EndGlobal
